
Microsoft Visual Studio Solution File, Format Version 12.00
# Visual Studio Version 17
VisualStudioVersion = 17.2.32526.322
MinimumVisualStudioVersion = 10.0.40219.1
Project("{FAE04EC0-301F-11D3-BF4B-00C04F79EFBC}") = "Editor", "Editor.csproj", "{5EF6D417-1E1F-4D3C-BBB3-EB05C66CE439}"
EndProject
Global
	GlobalSection(SolutionConfigurationPlatforms) = preSolution
		Debug|Any CPU = Debug|Any CPU
		Release|Any CPU = Release|Any CPU
	EndGlobalSection
	GlobalSection(ProjectConfigurationPlatforms) = postSolution
		{5EF6D417-1E1F-4D3C-BBB3-EB05C66CE439}.Debug|Any CPU.ActiveCfg = Debug|Any CPU
		{5EF6D417-1E1F-4D3C-BBB3-EB05C66CE439}.Debug|Any CPU.Build.0 = Debug|Any CPU
		{5EF6D417-1E1F-4D3C-BBB3-EB05C66CE439}.Release|Any CPU.ActiveCfg = Release|Any CPU
		{5EF6D417-1E1F-4D3C-BBB3-EB05C66CE439}.Release|Any CPU.Build.0 = Release|Any CPU
	EndGlobalSection
	GlobalSection(SolutionProperties) = preSolution
		HideSolutionNode = FALSE
	EndGlobalSection
	GlobalSection(ExtensibilityGlobals) = postSolution
		SolutionGuid = {E0F7DCAC-323F-4DF3-9DA9-1EC0DD6DF7DA}
	EndGlobalSection
EndGlobal
